
Microsoft Visual Studio Solution File, Format Version 12.00
# Visual Studio Version 17
VisualStudioVersion = 17.3.32922.545
MinimumVisualStudioVersion = 10.0.40219.1
Project("{FAE04EC0-301F-11D3-BF4B-00C04F79EFBC}") = "WorkingWithDB", "WorkingWithDB.csproj", "{D0D4C133-E33C-47B4-A73A-4273AB632C6E}"
EndProject
Global
	GlobalSection(SolutionConfigurationPlatforms) = preSolution
		Debug|Any CPU = Debug|Any CPU
		Release|Any CPU = Release|Any CPU
	EndGlobalSection
	GlobalSection(ProjectConfigurationPlatforms) = postSolution
		{D0D4C133-E33C-47B4-A73A-4273AB632C6E}.Debug|Any CPU.ActiveCfg = Debug|Any CPU
		{D0D4C133-E33C-47B4-A73A-4273AB632C6E}.Debug|Any CPU.Build.0 = Debug|Any CPU
		{D0D4C133-E33C-47B4-A73A-4273AB632C6E}.Release|Any CPU.ActiveCfg = Release|Any CPU
		{D0D4C133-E33C-47B4-A73A-4273AB632C6E}.Release|Any CPU.Build.0 = Release|Any CPU
	EndGlobalSection
	GlobalSection(SolutionProperties) = preSolution
		HideSolutionNode = FALSE
	EndGlobalSection
	GlobalSection(ExtensibilityGlobals) = postSolution
		SolutionGuid = {E63006AC-4F7B-4D60-BE51-C4CCC1A58C02}
	EndGlobalSection
EndGlobal
